
Microsoft Visual Studio Solution File, Format Version 12.00
# Visual Studio Version 16
VisualStudioVersion = 16.0.30907.101
MinimumVisualStudioVersion = 10.0.40219.1
Project("{FAE04EC0-301F-11D3-BF4B-00C04F79EFBC}") = "SessionWebApi2102", "SessionWebApi2102\SessionWebApi2102.csproj", "{C01AAFA9-215B-4247-903A-FA2CAE7D2379}"
EndProject
Global
	GlobalSection(SolutionConfigurationPlatforms) = preSolution
		Debug|Any CPU = Debug|Any CPU
		Release|Any CPU = Release|Any CPU
	EndGlobalSection
	GlobalSection(ProjectConfigurationPlatforms) = postSolution
		{C01AAFA9-215B-4247-903A-FA2CAE7D2379}.Debug|Any CPU.ActiveCfg = Debug|Any CPU
		{C01AAFA9-215B-4247-903A-FA2CAE7D2379}.Debug|Any CPU.Build.0 = Debug|Any CPU
		{C01AAFA9-215B-4247-903A-FA2CAE7D2379}.Release|Any CPU.ActiveCfg = Release|Any CPU
		{C01AAFA9-215B-4247-903A-FA2CAE7D2379}.Release|Any CPU.Build.0 = Release|Any CPU
	EndGlobalSection
	GlobalSection(SolutionProperties) = preSolution
		HideSolutionNode = FALSE
	EndGlobalSection
	GlobalSection(ExtensibilityGlobals) = postSolution
		SolutionGuid = {67BE0433-8119-448F-95FB-7E61CCACEF64}
	EndGlobalSection
EndGlobal
